
Microsoft Visual Studio Solution File, Format Version 12.00
Project("{2150E333-8FDC-42A3-9474-1A3956D46DE8}") = "src", "src", "{E1605776-D58A-4E1F-9A6B-000AC427D6D3}"
EndProject
Project("{2150E333-8FDC-42A3-9474-1A3956D46DE8}") = "libs", "libs", "{BC323A03-4584-4F1E-A4D5-A43B9EC16EA9}"
EndProject
Project("{2150E333-8FDC-42A3-9474-1A3956D46DE8}") = "scripts", "scripts", "{F39EEB19-94F0-478C-AF61-38EDB4854CDE}"
EndProject
Project("{2150E333-8FDC-42A3-9474-1A3956D46DE8}") = "docs", "docs", "{435176B9-0C07-4F14-B7C9-69ECDE86B393}"
EndProject
Project("{2150E333-8FDC-42A3-9474-1A3956D46DE8}") = "assets", "assets", "{346C101D-6BD8-492F-8E68-325D94F1CAE5}"
EndProject
Project("{2150E333-8FDC-42A3-9474-1A3956D46DE8}") = "modules", "modules", "{AD4A9030-F01B-4A63-90C6-6EEFBBDB884A}"
EndProject
Project("{2150E333-8FDC-42A3-9474-1A3956D46DE8}") = "api", "api", "{6419C4E3-9F5E-403C-9D35-8D7F4BAE061D}"
EndProject
Project("{2150E333-8FDC-42A3-9474-1A3956D46DE8}") = "tests", "tests", "{0A7AE82A-8798-4A9F-B671-74CEDF398C71}"
EndProject
Project("{2150E333-8FDC-42A3-9474-1A3956D46DE8}") = "UserAccess", "UserAccess", "{6C38BA16-DBC9-4CAC-B9E8-854649331D39}"
EndProject
Project("{2150E333-8FDC-42A3-9474-1A3956D46DE8}") = "UserManagement", "UserManagement", "{E4D59A0F-B90E-47FE-8AF4-93B21A581309}"
EndProject
Project("{2150E333-8FDC-42A3-9474-1A3956D46DE8}") = "Products", "Products", "{093A19C1-B3AE-4537-9EE6-A94EED525E59}"
EndProject
Project("{2150E333-8FDC-42A3-9474-1A3956D46DE8}") = "ShoppingList", "ShoppingList", "{5ACC5441-E000-40C9-9711-0B807EE3B809}"
EndProject
Project("{2150E333-8FDC-42A3-9474-1A3956D46DE8}") = "UserGroups", "UserGroups", "{118841AF-3658-493A-843F-89C4868D5FDD}"
EndProject
Project("{2150E333-8FDC-42A3-9474-1A3956D46DE8}") = "Operations", "Operations", "{0B33DFE0-163C-4DB2-ADE0-372B5377BD8B}"
EndProject
Project("{2150E333-8FDC-42A3-9474-1A3956D46DE8}") = "Application", "Application", "{AB3E43E7-A2BC-4A4C-AB6C-E21F432FBCC6}"
EndProject
Project("{2150E333-8FDC-42A3-9474-1A3956D46DE8}") = "Domain", "Domain", "{4DF0F0C3-271A-449C-9F6D-F14421A75CE2}"
EndProject
Project("{2150E333-8FDC-42A3-9474-1A3956D46DE8}") = "Infrastructure", "Infrastructure", "{355C37F2-6A9D-4F15-96A2-460E3F96EBD8}"
EndProject
Project("{2150E333-8FDC-42A3-9474-1A3956D46DE8}") = "Tests", "Tests", "{EF5F5747-FE9C-4C44-8D35-DCDBCC0076D5}"
EndProject
Project("{2150E333-8FDC-42A3-9474-1A3956D46DE8}") = "Application", "Application", "{DA95977A-86A5-4EA9-A986-54DC4FEBCD18}"
EndProject
Project("{2150E333-8FDC-42A3-9474-1A3956D46DE8}") = "Infrastructure", "Infrastructure", "{B0D83AD4-6B5C-4E1C-8F48-878611D34099}"
EndProject
Project("{2150E333-8FDC-42A3-9474-1A3956D46DE8}") = "Tests", "Tests", "{E448E487-C880-4011-B831-76B829794479}"
EndProject
Project("{2150E333-8FDC-42A3-9474-1A3956D46DE8}") = "Domain", "Domain", "{00FB131C-EE44-4CEA-A411-251649D74E03}"
EndProject
Project("{2150E333-8FDC-42A3-9474-1A3956D46DE8}") = "Application", "Application", "{C61F949A-3CD2-476D-9674-FDF583361C6D}"
EndProject
Project("{2150E333-8FDC-42A3-9474-1A3956D46DE8}") = "Tests", "Tests", "{61E2CAB1-B380-4AB0-90F2-64063F3BF885}"
EndProject
Project("{2150E333-8FDC-42A3-9474-1A3956D46DE8}") = "Domain", "Domain", "{05D6D38A-F05D-4008-AD0C-1353EE8A036D}"
EndProject
Project("{2150E333-8FDC-42A3-9474-1A3956D46DE8}") = "Infrastructure", "Infrastructure", "{5CD2BD41-B1BA-4A7C-A12F-50855DA9AE6F}"
EndProject
Project("{2150E333-8FDC-42A3-9474-1A3956D46DE8}") = "Application", "Application", "{9CFB33A6-E24E-471C-BA48-6BF77EE29227}"
EndProject
Project("{2150E333-8FDC-42A3-9474-1A3956D46DE8}") = "Tests", "Tests", "{2660337A-B04A-40DB-8EAA-F3A6F2E8DAEC}"
EndProject
Project("{2150E333-8FDC-42A3-9474-1A3956D46DE8}") = "Infrastructure", "Infrastructure", "{37D08755-BB6A-407B-8BCA-23150EABDD3A}"
EndProject
Project("{2150E333-8FDC-42A3-9474-1A3956D46DE8}") = "Domain", "Domain", "{0F97E33E-02DE-44FC-8B7C-4CCDDE9C7E04}"
EndProject
Project("{2150E333-8FDC-42A3-9474-1A3956D46DE8}") = "Application", "Application", "{1722D1E2-21BF-4244-AE68-38BCD650EB96}"
EndProject
Project("{2150E333-8FDC-42A3-9474-1A3956D46DE8}") = "Infrastructure", "Infrastructure", "{F79ABAB2-8D84-427C-AB6C-F92D0B3C147B}"
EndProject
Project("{2150E333-8FDC-42A3-9474-1A3956D46DE8}") = "Tests", "Tests", "{8053E198-3262-476E-AADF-AECAA1C11368}"
EndProject
Project("{2150E333-8FDC-42A3-9474-1A3956D46DE8}") = "Domain", "Domain", "{5B354275-3A71-4EA6-84D0-C36C8B72FC7B}"
EndProject
Project("{2150E333-8FDC-42A3-9474-1A3956D46DE8}") = "Domain", "Domain", "{37A3374E-E33C-43E5-98B6-5B9FF6B59F82}"
EndProject
Project("{2150E333-8FDC-42A3-9474-1A3956D46DE8}") = "Application", "Application", "{925A2388-C379-44C9-8B89-827D7B1E80A6}"
EndProject
Project("{2150E333-8FDC-42A3-9474-1A3956D46DE8}") = "Infrastructure", "Infrastructure", "{792729F0-9866-4E01-8253-2ED4A49EC11A}"
EndProject
Project("{2150E333-8FDC-42A3-9474-1A3956D46DE8}") = "Tests", "Tests", "{F5352FCB-9F40-4DFA-AFFC-86E1272AB82C}"
EndProject
Project("{2150E333-8FDC-42A3-9474-1A3956D46DE8}") = "WebApi", "WebApi", "{D405D6F2-8445-4DA6-B410-991C4DB842C0}"
EndProject
Project("{2150E333-8FDC-42A3-9474-1A3956D46DE8}") = "IntegrationTests", "IntegrationTests", "{ABA47734-25AC-4704-B3D2-E9B37B7D69BE}"
EndProject
Project("{FAE04EC0-301F-11D3-BF4B-00C04F79EFBC}") = "Conteque.Shoppingendly.Api.WebApi", "src\api\WebApi\Conteque.Shoppingendly.Api.WebApi.csproj", "{DA9D462C-8A01-4131-A02A-8C4BAB4EE43D}"
EndProject
Project("{FAE04EC0-301F-11D3-BF4B-00C04F79EFBC}") = "Conteque.Shoppingendly.Modules.Operations.Application", "src\modules\Operations\Application\Conteque.Shoppingendly.Modules.Operations.Application.csproj", "{95BB7B0C-8314-4DAC-842E-7AC90DC91170}"
EndProject
Project("{FAE04EC0-301F-11D3-BF4B-00C04F79EFBC}") = "Conteque.Shoppingendly.Modules.Operations.Domain", "src\modules\Operations\Domain\Conteque.Shoppingendly.Modules.Operations.Domain.csproj", "{FB7B3BC5-DBDA-4DA4-BFF1-818CF8036F70}"
EndProject
Project("{FAE04EC0-301F-11D3-BF4B-00C04F79EFBC}") = "Conteque.Shoppingendly.Modules.Operations.Infrastructure", "src\modules\Operations\Infrastructure\Conteque.Shoppingendly.Modules.Operations.Infrastructure.csproj", "{B5FC6D3F-7F51-45A2-80B6-EF9ABC8CEC51}"
EndProject
Project("{FAE04EC0-301F-11D3-BF4B-00C04F79EFBC}") = "Conteque.Shoppingendly.Modules.Operations.UnitTests", "src\modules\Operations\Tests\Conteque.Shoppingendly.Modules.Operations.UnitTests.csproj", "{3DBE075E-89E2-4268-9383-6EF2BF5C6E9D}"
EndProject
Project("{FAE04EC0-301F-11D3-BF4B-00C04F79EFBC}") = "Conteque.Shoppingendly.Modules.Products.Application", "src\modules\Products\Application\Conteque.Shoppingendly.Modules.Products.Application.csproj", "{01358151-8E8A-4EF1-A466-F780E8E3E155}"
EndProject
Project("{FAE04EC0-301F-11D3-BF4B-00C04F79EFBC}") = "Conteque.Shoppingendly.Modules.Products.Domain", "src\modules\Products\Domain\Conteque.Shoppingendly.Modules.Products.Domain.csproj", "{46DE5896-EDA7-4F41-A05C-8AC4F38904E6}"
EndProject
Project("{FAE04EC0-301F-11D3-BF4B-00C04F79EFBC}") = "Conteque.Shoppingendly.Modules.Products.Infrastructure", "src\modules\Products\Infrastructure\Conteque.Shoppingendly.Modules.Products.Infrastructure.csproj", "{18822001-663B-4ACE-B5E2-5ACA952ECBAE}"
EndProject
Project("{FAE04EC0-301F-11D3-BF4B-00C04F79EFBC}") = "Conteque.Shoppingendly.Modules.Products.UnitTests", "src\modules\Products\Tests\Conteque.Shoppingendly.Modules.Products.UnitTests.csproj", "{9A93316F-1EAC-4676-8A75-67B1C558A0FE}"
EndProject
Project("{FAE04EC0-301F-11D3-BF4B-00C04F79EFBC}") = "Conteque.Shoppingendly.Modules.ShoppingList.Application", "src\modules\ShoppingList\Application\Conteque.Shoppingendly.Modules.ShoppingList.Application.csproj", "{86512BD0-02DE-4924-8E7D-FEFB44669B6D}"
EndProject
Project("{FAE04EC0-301F-11D3-BF4B-00C04F79EFBC}") = "Conteque.Shoppingendly.Modules.ShoppingList.Domain", "src\modules\ShoppingList\Domain\Conteque.Shoppingendly.Modules.ShoppingList.Domain.csproj", "{8BFAD096-CD5D-40B8-83A4-21442DEAD3A4}"
EndProject
Project("{FAE04EC0-301F-11D3-BF4B-00C04F79EFBC}") = "Conteque.Shoppingendly.Modules.ShoppingList.Infrastructure", "src\modules\ShoppingList\Infrastructure\Conteque.Shoppingendly.Modules.ShoppingList.Infrastructure.csproj", "{D961646B-65DC-4198-A314-80E7C492FF81}"
EndProject
Project("{FAE04EC0-301F-11D3-BF4B-00C04F79EFBC}") = "Conteque.Shoppingendly.Modules.ShoppingList.UnitTests", "src\modules\ShoppingList\Tests\Conteque.Shoppingendly.Modules.ShoppingList.UnitTests.csproj", "{32DC58C2-D417-4B39-8DCB-CEFA1A8EE030}"
EndProject
Project("{FAE04EC0-301F-11D3-BF4B-00C04F79EFBC}") = "Conteque.Shoppingendly.Modules.UserAccess.Application", "src\modules\UserAccess\Application\Conteque.Shoppingendly.Modules.UserAccess.Application.csproj", "{3D11A8D2-DC47-4010-B58E-2FE4EE136BEA}"
EndProject
Project("{FAE04EC0-301F-11D3-BF4B-00C04F79EFBC}") = "Conteque.Shoppingendly.Modules.UserAccess.Domain", "src\modules\UserAccess\Domain\Conteque.Shoppingendly.Modules.UserAccess.Domain.csproj", "{DB0F57AE-24A2-4947-861C-1789EB78FA63}"
EndProject
Project("{FAE04EC0-301F-11D3-BF4B-00C04F79EFBC}") = "Conteque.Shoppingendly.Modules.UserAccess.Infrastructure", "src\modules\UserAccess\Infrastructure\Conteque.Shoppingendly.Modules.UserAccess.Infrastructure.csproj", "{5611BA48-8366-4FF3-A88D-0ACC92DF1AA4}"
EndProject
Project("{FAE04EC0-301F-11D3-BF4B-00C04F79EFBC}") = "Conteque.Shoppingendly.Modules.UserGroups.Application", "src\modules\UserGroups\Application\Conteque.Shoppingendly.Modules.UserGroups.Application.csproj", "{D44FCF23-EF0C-457D-9BA7-8B78B99684F7}"
EndProject
Project("{FAE04EC0-301F-11D3-BF4B-00C04F79EFBC}") = "Conteque.Shoppingendly.Modules.UserGroups.Domain", "src\modules\UserGroups\Domain\Conteque.Shoppingendly.Modules.UserGroups.Domain.csproj", "{7EE8A629-2560-4379-A1F2-419DAF886D61}"
EndProject
Project("{FAE04EC0-301F-11D3-BF4B-00C04F79EFBC}") = "Conteque.Shoppingendly.Modules.UserGroups.Infrastructure", "src\modules\UserGroups\Infrastructure\Conteque.Shoppingendly.Modules.UserGroups.Infrastructure.csproj", "{145EE3C0-16D9-4BA7-A8C4-CE8293A60487}"
EndProject
Project("{FAE04EC0-301F-11D3-BF4B-00C04F79EFBC}") = "Conteque.Shoppingendly.Modules.UserGroups.UnitTests", "src\modules\UserGroups\Tests\Conteque.Shoppingendly.Modules.UserGroups.UnitTests.csproj", "{F8A01E2A-16C2-423F-A7C1-392DC3A7B9BD}"
EndProject
Project("{FAE04EC0-301F-11D3-BF4B-00C04F79EFBC}") = "Conteque.Shoppingendly.Modules.UserManagement.Application", "src\modules\UserManagement\Application\Conteque.Shoppingendly.Modules.UserManagement.Application.csproj", "{1A5A2FEA-6183-4977-8E8A-9071A7C6F90F}"
EndProject
Project("{FAE04EC0-301F-11D3-BF4B-00C04F79EFBC}") = "Conteque.Shoppingendly.Modules.UserManagement.Domain", "src\modules\UserManagement\Domain\Conteque.Shoppingendly.Modules.UserManagement.Domain.csproj", "{144DA4B7-F502-4733-8F6F-614D735DC154}"
EndProject
Project("{FAE04EC0-301F-11D3-BF4B-00C04F79EFBC}") = "Conteque.Shoppingendly.Modules.UserManagement.Infrastructure", "src\modules\UserManagement\Infrastructure\Conteque.Shoppingendly.Modules.UserManagement.Infrastructure.csproj", "{7D2E8D56-1CAA-435A-9550-A0D6E93F9410}"
EndProject
Project("{FAE04EC0-301F-11D3-BF4B-00C04F79EFBC}") = "Conteque.Shoppingendly.Modules.UserManagement.UnitTests", "src\modules\UserManagement\Tests\Conteque.Shoppingendly.Modules.UserManagement.UnitTests.csproj", "{196115E1-5092-464B-B597-F894830802D4}"
EndProject
Project("{2150E333-8FDC-42A3-9474-1A3956D46DE8}") = "actions", "actions", "{2EC76EF6-F0FB-474F-9F39-D5ED433D6DE4}"
ProjectSection(SolutionItems) = preProject
	.github\workflows\aspnetcore.yaml = .github\workflows\aspnetcore.yaml
EndProjectSection
EndProject
Project("{FAE04EC0-301F-11D3-BF4B-00C04F79EFBC}") = "Conteque.Shoppingendly.Tests.IntegrationsTests", "src\tests\IntegrationTests\Conteque.Shoppingendly.Tests.IntegrationsTests.csproj", "{4CFC3631-95BD-4884-AA52-583A00B965F8}"
EndProject
Project("{FAE04EC0-301F-11D3-BF4B-00C04F79EFBC}") = "Conteque.Liberey.Domain.Core", "..\Liberey\Liberey.Domain\Core\src\Conteque.Liberey.Domain.Core.csproj", "{2F4FCC0D-E205-442D-B47B-5FF70FA7B1F4}"
EndProject
Project("{FAE04EC0-301F-11D3-BF4B-00C04F79EFBC}") = "Conteque.Liberey.Domain.Events", "..\Liberey\Liberey.Domain\Events\src\Conteque.Liberey.Domain.Events.csproj", "{7F72D67E-8540-4B04-9091-52828DDCC649}"
EndProject
Project("{FAE04EC0-301F-11D3-BF4B-00C04F79EFBC}") = "Conteque.Liberey.Domain.EventSourcing", "..\Liberey\Liberey.Domain\EventSourcing\src\Conteque.Liberey.Domain.EventSourcing.csproj", "{5EE6D938-32B6-4A21-9A87-11AAD50EF664}"
EndProject
Project("{FAE04EC0-301F-11D3-BF4B-00C04F79EFBC}") = "Conteque.Liberey.Domain.BusinessRules", "..\Liberey\Liberey.Domain\BusinessRules\src\Conteque.Liberey.Domain.BusinessRules.csproj", "{CACC6749-4CC8-4D30-988A-4E0E67D53725}"
EndProject
Project("{FAE04EC0-301F-11D3-BF4B-00C04F79EFBC}") = "Conteque.Liberey.Domain.Exceptions", "..\Liberey\Liberey.Domain\Exceptions\src\Conteque.Liberey.Domain.Exceptions.csproj", "{6CF90E06-7AEF-44C7-8A33-5EB8630CABC8}"
EndProject
Project("{FAE04EC0-301F-11D3-BF4B-00C04F79EFBC}") = "Conteque.Liberey.App", "..\Liberey\Liberey.App\src\Conteque.Liberey.App.csproj", "{CBE28BEA-9D80-47FA-BAF5-BAE52F8EA95E}"
EndProject
Project("{FAE04EC0-301F-11D3-BF4B-00C04F79EFBC}") = "Conteque.Liberey.Domain.Repositories", "..\Liberey\Liberey.Domain\Repositories\src\Conteque.Liberey.Domain.Repositories.csproj", "{D86F68C3-0799-4144-8E48-7DB1587C10C5}"
EndProject
Project("{FAE04EC0-301F-11D3-BF4B-00C04F79EFBC}") = "Conteque.Liberey.Domain.Adapters", "..\Liberey\Liberey.Domain\Adapters\src\Conteque.Liberey.Domain.Adapters.csproj", "{6D791C8D-F593-41A8-880A-291ED426519C}"
EndProject
Project("{FAE04EC0-301F-11D3-BF4B-00C04F79EFBC}") = "Conteque.Liberey.Domain.MediatR", "..\Liberey\Liberey.Domain\MediatR\src\Conteque.Liberey.Domain.MediatR.csproj", "{0F6F2825-C9D4-4875-8740-A8E8A8D2ECFC}"
EndProject
Project("{FAE04EC0-301F-11D3-BF4B-00C04F79EFBC}") = "Conteque.Shoppingendly.Modules.UserAccess.UnitTests", "src\modules\UserAccess\Tests\UnitTests\Conteque.Shoppingendly.Modules.UserAccess.UnitTests.csproj", "{B3F7EA8A-D67A-43AD-B889-7865C45B7D70}"
EndProject
Project("{2150E333-8FDC-42A3-9474-1A3956D46DE8}") = "UnitTests", "UnitTests", "{0201DAB2-6175-4F46-8640-75688C07D0E2}"
EndProject
Project("{2150E333-8FDC-42A3-9474-1A3956D46DE8}") = "ArchTests", "ArchTests", "{3FD72B99-6102-4EE1-9DFB-F037DEB72EA7}"
EndProject
Project("{FAE04EC0-301F-11D3-BF4B-00C04F79EFBC}") = "Conteque.Shoppingendly.Modules.UserAccess.ArchTests", "src\modules\UserAccess\Tests\ArchTests\Conteque.Shoppingendly.Modules.UserAccess.ArchTests.csproj", "{6754F573-532F-47F0-B4B8-B78E655F48F1}"
EndProject
Project("{2150E333-8FDC-42A3-9474-1A3956D46DE8}") = "IntegrationTests", "IntegrationTests", "{D33299CC-4CDB-4423-A852-683ED25B8734}"
EndProject
Project("{FAE04EC0-301F-11D3-BF4B-00C04F79EFBC}") = "Conteque.Shoppingendly.Modules.UserAccess.IntegrationTests", "src\modules\UserAccess\Tests\IntegrationTests\Conteque.Shoppingendly.Modules.UserAccess.IntegrationTests\Conteque.Shoppingendly.Modules.UserAccess.IntegrationTests.csproj", "{71D7F6C1-8206-4334-B335-88FD51A76AF9}"
EndProject
Project("{FAE04EC0-301F-11D3-BF4B-00C04F79EFBC}") = "Conteque.Liberey.DataAccess", "..\Liberey\Liberey.DataAccess\Core\src\Conteque.Liberey.DataAccess.csproj", "{1DF0712A-CA40-49C5-96B0-6282F014E6DE}"
EndProject
Global
	GlobalSection(SolutionConfigurationPlatforms) = preSolution
		Debug|Any CPU = Debug|Any CPU
		Release|Any CPU = Release|Any CPU
	EndGlobalSection
	GlobalSection(NestedProjects) = preSolution
		{AD4A9030-F01B-4A63-90C6-6EEFBBDB884A} = {E1605776-D58A-4E1F-9A6B-000AC427D6D3}
		{BC323A03-4584-4F1E-A4D5-A43B9EC16EA9} = {E1605776-D58A-4E1F-9A6B-000AC427D6D3}
		{6419C4E3-9F5E-403C-9D35-8D7F4BAE061D} = {E1605776-D58A-4E1F-9A6B-000AC427D6D3}
		{0A7AE82A-8798-4A9F-B671-74CEDF398C71} = {E1605776-D58A-4E1F-9A6B-000AC427D6D3}
		{6C38BA16-DBC9-4CAC-B9E8-854649331D39} = {AD4A9030-F01B-4A63-90C6-6EEFBBDB884A}
		{E4D59A0F-B90E-47FE-8AF4-93B21A581309} = {AD4A9030-F01B-4A63-90C6-6EEFBBDB884A}
		{093A19C1-B3AE-4537-9EE6-A94EED525E59} = {AD4A9030-F01B-4A63-90C6-6EEFBBDB884A}
		{5ACC5441-E000-40C9-9711-0B807EE3B809} = {AD4A9030-F01B-4A63-90C6-6EEFBBDB884A}
		{118841AF-3658-493A-843F-89C4868D5FDD} = {AD4A9030-F01B-4A63-90C6-6EEFBBDB884A}
		{0B33DFE0-163C-4DB2-ADE0-372B5377BD8B} = {AD4A9030-F01B-4A63-90C6-6EEFBBDB884A}
		{AB3E43E7-A2BC-4A4C-AB6C-E21F432FBCC6} = {093A19C1-B3AE-4537-9EE6-A94EED525E59}
		{4DF0F0C3-271A-449C-9F6D-F14421A75CE2} = {093A19C1-B3AE-4537-9EE6-A94EED525E59}
		{355C37F2-6A9D-4F15-96A2-460E3F96EBD8} = {093A19C1-B3AE-4537-9EE6-A94EED525E59}
		{EF5F5747-FE9C-4C44-8D35-DCDBCC0076D5} = {093A19C1-B3AE-4537-9EE6-A94EED525E59}
		{DA95977A-86A5-4EA9-A986-54DC4FEBCD18} = {0B33DFE0-163C-4DB2-ADE0-372B5377BD8B}
		{B0D83AD4-6B5C-4E1C-8F48-878611D34099} = {0B33DFE0-163C-4DB2-ADE0-372B5377BD8B}
		{E448E487-C880-4011-B831-76B829794479} = {0B33DFE0-163C-4DB2-ADE0-372B5377BD8B}
		{00FB131C-EE44-4CEA-A411-251649D74E03} = {0B33DFE0-163C-4DB2-ADE0-372B5377BD8B}
		{C61F949A-3CD2-476D-9674-FDF583361C6D} = {5ACC5441-E000-40C9-9711-0B807EE3B809}
		{61E2CAB1-B380-4AB0-90F2-64063F3BF885} = {5ACC5441-E000-40C9-9711-0B807EE3B809}
		{05D6D38A-F05D-4008-AD0C-1353EE8A036D} = {5ACC5441-E000-40C9-9711-0B807EE3B809}
		{5CD2BD41-B1BA-4A7C-A12F-50855DA9AE6F} = {5ACC5441-E000-40C9-9711-0B807EE3B809}
		{9CFB33A6-E24E-471C-BA48-6BF77EE29227} = {6C38BA16-DBC9-4CAC-B9E8-854649331D39}
		{2660337A-B04A-40DB-8EAA-F3A6F2E8DAEC} = {6C38BA16-DBC9-4CAC-B9E8-854649331D39}
		{37D08755-BB6A-407B-8BCA-23150EABDD3A} = {6C38BA16-DBC9-4CAC-B9E8-854649331D39}
		{0F97E33E-02DE-44FC-8B7C-4CCDDE9C7E04} = {6C38BA16-DBC9-4CAC-B9E8-854649331D39}
		{1722D1E2-21BF-4244-AE68-38BCD650EB96} = {118841AF-3658-493A-843F-89C4868D5FDD}
		{F79ABAB2-8D84-427C-AB6C-F92D0B3C147B} = {118841AF-3658-493A-843F-89C4868D5FDD}
		{8053E198-3262-476E-AADF-AECAA1C11368} = {118841AF-3658-493A-843F-89C4868D5FDD}
		{5B354275-3A71-4EA6-84D0-C36C8B72FC7B} = {118841AF-3658-493A-843F-89C4868D5FDD}
		{37A3374E-E33C-43E5-98B6-5B9FF6B59F82} = {E4D59A0F-B90E-47FE-8AF4-93B21A581309}
		{925A2388-C379-44C9-8B89-827D7B1E80A6} = {E4D59A0F-B90E-47FE-8AF4-93B21A581309}
		{792729F0-9866-4E01-8253-2ED4A49EC11A} = {E4D59A0F-B90E-47FE-8AF4-93B21A581309}
		{F5352FCB-9F40-4DFA-AFFC-86E1272AB82C} = {E4D59A0F-B90E-47FE-8AF4-93B21A581309}
		{D405D6F2-8445-4DA6-B410-991C4DB842C0} = {6419C4E3-9F5E-403C-9D35-8D7F4BAE061D}
		{ABA47734-25AC-4704-B3D2-E9B37B7D69BE} = {0A7AE82A-8798-4A9F-B671-74CEDF398C71}
		{DA9D462C-8A01-4131-A02A-8C4BAB4EE43D} = {D405D6F2-8445-4DA6-B410-991C4DB842C0}
		{95BB7B0C-8314-4DAC-842E-7AC90DC91170} = {DA95977A-86A5-4EA9-A986-54DC4FEBCD18}
		{FB7B3BC5-DBDA-4DA4-BFF1-818CF8036F70} = {00FB131C-EE44-4CEA-A411-251649D74E03}
		{B5FC6D3F-7F51-45A2-80B6-EF9ABC8CEC51} = {B0D83AD4-6B5C-4E1C-8F48-878611D34099}
		{3DBE075E-89E2-4268-9383-6EF2BF5C6E9D} = {E448E487-C880-4011-B831-76B829794479}
		{01358151-8E8A-4EF1-A466-F780E8E3E155} = {AB3E43E7-A2BC-4A4C-AB6C-E21F432FBCC6}
		{46DE5896-EDA7-4F41-A05C-8AC4F38904E6} = {4DF0F0C3-271A-449C-9F6D-F14421A75CE2}
		{18822001-663B-4ACE-B5E2-5ACA952ECBAE} = {355C37F2-6A9D-4F15-96A2-460E3F96EBD8}
		{9A93316F-1EAC-4676-8A75-67B1C558A0FE} = {EF5F5747-FE9C-4C44-8D35-DCDBCC0076D5}
		{86512BD0-02DE-4924-8E7D-FEFB44669B6D} = {C61F949A-3CD2-476D-9674-FDF583361C6D}
		{8BFAD096-CD5D-40B8-83A4-21442DEAD3A4} = {05D6D38A-F05D-4008-AD0C-1353EE8A036D}
		{D961646B-65DC-4198-A314-80E7C492FF81} = {5CD2BD41-B1BA-4A7C-A12F-50855DA9AE6F}
		{32DC58C2-D417-4B39-8DCB-CEFA1A8EE030} = {61E2CAB1-B380-4AB0-90F2-64063F3BF885}
		{3D11A8D2-DC47-4010-B58E-2FE4EE136BEA} = {9CFB33A6-E24E-471C-BA48-6BF77EE29227}
		{DB0F57AE-24A2-4947-861C-1789EB78FA63} = {0F97E33E-02DE-44FC-8B7C-4CCDDE9C7E04}
		{5611BA48-8366-4FF3-A88D-0ACC92DF1AA4} = {37D08755-BB6A-407B-8BCA-23150EABDD3A}
		{D44FCF23-EF0C-457D-9BA7-8B78B99684F7} = {1722D1E2-21BF-4244-AE68-38BCD650EB96}
		{7EE8A629-2560-4379-A1F2-419DAF886D61} = {5B354275-3A71-4EA6-84D0-C36C8B72FC7B}
		{145EE3C0-16D9-4BA7-A8C4-CE8293A60487} = {F79ABAB2-8D84-427C-AB6C-F92D0B3C147B}
		{F8A01E2A-16C2-423F-A7C1-392DC3A7B9BD} = {8053E198-3262-476E-AADF-AECAA1C11368}
		{1A5A2FEA-6183-4977-8E8A-9071A7C6F90F} = {925A2388-C379-44C9-8B89-827D7B1E80A6}
		{144DA4B7-F502-4733-8F6F-614D735DC154} = {37A3374E-E33C-43E5-98B6-5B9FF6B59F82}
		{7D2E8D56-1CAA-435A-9550-A0D6E93F9410} = {792729F0-9866-4E01-8253-2ED4A49EC11A}
		{196115E1-5092-464B-B597-F894830802D4} = {F5352FCB-9F40-4DFA-AFFC-86E1272AB82C}
		{4CFC3631-95BD-4884-AA52-583A00B965F8} = {ABA47734-25AC-4704-B3D2-E9B37B7D69BE}
		{2F4FCC0D-E205-442D-B47B-5FF70FA7B1F4} = {BC323A03-4584-4F1E-A4D5-A43B9EC16EA9}
		{7F72D67E-8540-4B04-9091-52828DDCC649} = {BC323A03-4584-4F1E-A4D5-A43B9EC16EA9}
		{5EE6D938-32B6-4A21-9A87-11AAD50EF664} = {BC323A03-4584-4F1E-A4D5-A43B9EC16EA9}
		{CACC6749-4CC8-4D30-988A-4E0E67D53725} = {BC323A03-4584-4F1E-A4D5-A43B9EC16EA9}
		{6CF90E06-7AEF-44C7-8A33-5EB8630CABC8} = {BC323A03-4584-4F1E-A4D5-A43B9EC16EA9}
		{CBE28BEA-9D80-47FA-BAF5-BAE52F8EA95E} = {BC323A03-4584-4F1E-A4D5-A43B9EC16EA9}
		{D86F68C3-0799-4144-8E48-7DB1587C10C5} = {BC323A03-4584-4F1E-A4D5-A43B9EC16EA9}
		{6D791C8D-F593-41A8-880A-291ED426519C} = {BC323A03-4584-4F1E-A4D5-A43B9EC16EA9}
		{0F6F2825-C9D4-4875-8740-A8E8A8D2ECFC} = {BC323A03-4584-4F1E-A4D5-A43B9EC16EA9}
		{0201DAB2-6175-4F46-8640-75688C07D0E2} = {2660337A-B04A-40DB-8EAA-F3A6F2E8DAEC}
		{3FD72B99-6102-4EE1-9DFB-F037DEB72EA7} = {2660337A-B04A-40DB-8EAA-F3A6F2E8DAEC}
		{B3F7EA8A-D67A-43AD-B889-7865C45B7D70} = {0201DAB2-6175-4F46-8640-75688C07D0E2}
		{6754F573-532F-47F0-B4B8-B78E655F48F1} = {3FD72B99-6102-4EE1-9DFB-F037DEB72EA7}
		{D33299CC-4CDB-4423-A852-683ED25B8734} = {2660337A-B04A-40DB-8EAA-F3A6F2E8DAEC}
		{71D7F6C1-8206-4334-B335-88FD51A76AF9} = {D33299CC-4CDB-4423-A852-683ED25B8734}
		{1DF0712A-CA40-49C5-96B0-6282F014E6DE} = {BC323A03-4584-4F1E-A4D5-A43B9EC16EA9}
	EndGlobalSection
	GlobalSection(ProjectConfigurationPlatforms) = postSolution
		{DA9D462C-8A01-4131-A02A-8C4BAB4EE43D}.Debug|Any CPU.ActiveCfg = Debug|Any CPU
		{DA9D462C-8A01-4131-A02A-8C4BAB4EE43D}.Debug|Any CPU.Build.0 = Debug|Any CPU
		{DA9D462C-8A01-4131-A02A-8C4BAB4EE43D}.Release|Any CPU.ActiveCfg = Release|Any CPU
		{DA9D462C-8A01-4131-A02A-8C4BAB4EE43D}.Release|Any CPU.Build.0 = Release|Any CPU
		{95BB7B0C-8314-4DAC-842E-7AC90DC91170}.Debug|Any CPU.ActiveCfg = Debug|Any CPU
		{95BB7B0C-8314-4DAC-842E-7AC90DC91170}.Debug|Any CPU.Build.0 = Debug|Any CPU
		{95BB7B0C-8314-4DAC-842E-7AC90DC91170}.Release|Any CPU.ActiveCfg = Release|Any CPU
		{95BB7B0C-8314-4DAC-842E-7AC90DC91170}.Release|Any CPU.Build.0 = Release|Any CPU
		{FB7B3BC5-DBDA-4DA4-BFF1-818CF8036F70}.Debug|Any CPU.ActiveCfg = Debug|Any CPU
		{FB7B3BC5-DBDA-4DA4-BFF1-818CF8036F70}.Debug|Any CPU.Build.0 = Debug|Any CPU
		{FB7B3BC5-DBDA-4DA4-BFF1-818CF8036F70}.Release|Any CPU.ActiveCfg = Release|Any CPU
		{FB7B3BC5-DBDA-4DA4-BFF1-818CF8036F70}.Release|Any CPU.Build.0 = Release|Any CPU
		{B5FC6D3F-7F51-45A2-80B6-EF9ABC8CEC51}.Debug|Any CPU.ActiveCfg = Debug|Any CPU
		{B5FC6D3F-7F51-45A2-80B6-EF9ABC8CEC51}.Debug|Any CPU.Build.0 = Debug|Any CPU
		{B5FC6D3F-7F51-45A2-80B6-EF9ABC8CEC51}.Release|Any CPU.ActiveCfg = Release|Any CPU
		{B5FC6D3F-7F51-45A2-80B6-EF9ABC8CEC51}.Release|Any CPU.Build.0 = Release|Any CPU
		{3DBE075E-89E2-4268-9383-6EF2BF5C6E9D}.Debug|Any CPU.ActiveCfg = Debug|Any CPU
		{3DBE075E-89E2-4268-9383-6EF2BF5C6E9D}.Debug|Any CPU.Build.0 = Debug|Any CPU
		{3DBE075E-89E2-4268-9383-6EF2BF5C6E9D}.Release|Any CPU.ActiveCfg = Release|Any CPU
		{3DBE075E-89E2-4268-9383-6EF2BF5C6E9D}.Release|Any CPU.Build.0 = Release|Any CPU
		{01358151-8E8A-4EF1-A466-F780E8E3E155}.Debug|Any CPU.ActiveCfg = Debug|Any CPU
		{01358151-8E8A-4EF1-A466-F780E8E3E155}.Debug|Any CPU.Build.0 = Debug|Any CPU
		{01358151-8E8A-4EF1-A466-F780E8E3E155}.Release|Any CPU.ActiveCfg = Release|Any CPU
		{01358151-8E8A-4EF1-A466-F780E8E3E155}.Release|Any CPU.Build.0 = Release|Any CPU
		{46DE5896-EDA7-4F41-A05C-8AC4F38904E6}.Debug|Any CPU.ActiveCfg = Debug|Any CPU
		{46DE5896-EDA7-4F41-A05C-8AC4F38904E6}.Debug|Any CPU.Build.0 = Debug|Any CPU
		{46DE5896-EDA7-4F41-A05C-8AC4F38904E6}.Release|Any CPU.ActiveCfg = Release|Any CPU
		{46DE5896-EDA7-4F41-A05C-8AC4F38904E6}.Release|Any CPU.Build.0 = Release|Any CPU
		{18822001-663B-4ACE-B5E2-5ACA952ECBAE}.Debug|Any CPU.ActiveCfg = Debug|Any CPU
		{18822001-663B-4ACE-B5E2-5ACA952ECBAE}.Debug|Any CPU.Build.0 = Debug|Any CPU
		{18822001-663B-4ACE-B5E2-5ACA952ECBAE}.Release|Any CPU.ActiveCfg = Release|Any CPU
		{18822001-663B-4ACE-B5E2-5ACA952ECBAE}.Release|Any CPU.Build.0 = Release|Any CPU
		{9A93316F-1EAC-4676-8A75-67B1C558A0FE}.Debug|Any CPU.ActiveCfg = Debug|Any CPU
		{9A93316F-1EAC-4676-8A75-67B1C558A0FE}.Debug|Any CPU.Build.0 = Debug|Any CPU
		{9A93316F-1EAC-4676-8A75-67B1C558A0FE}.Release|Any CPU.ActiveCfg = Release|Any CPU
		{9A93316F-1EAC-4676-8A75-67B1C558A0FE}.Release|Any CPU.Build.0 = Release|Any CPU
		{86512BD0-02DE-4924-8E7D-FEFB44669B6D}.Debug|Any CPU.ActiveCfg = Debug|Any CPU
		{86512BD0-02DE-4924-8E7D-FEFB44669B6D}.Debug|Any CPU.Build.0 = Debug|Any CPU
		{86512BD0-02DE-4924-8E7D-FEFB44669B6D}.Release|Any CPU.ActiveCfg = Release|Any CPU
		{86512BD0-02DE-4924-8E7D-FEFB44669B6D}.Release|Any CPU.Build.0 = Release|Any CPU
		{8BFAD096-CD5D-40B8-83A4-21442DEAD3A4}.Debug|Any CPU.ActiveCfg = Debug|Any CPU
		{8BFAD096-CD5D-40B8-83A4-21442DEAD3A4}.Debug|Any CPU.Build.0 = Debug|Any CPU
		{8BFAD096-CD5D-40B8-83A4-21442DEAD3A4}.Release|Any CPU.ActiveCfg = Release|Any CPU
		{8BFAD096-CD5D-40B8-83A4-21442DEAD3A4}.Release|Any CPU.Build.0 = Release|Any CPU
		{D961646B-65DC-4198-A314-80E7C492FF81}.Debug|Any CPU.ActiveCfg = Debug|Any CPU
		{D961646B-65DC-4198-A314-80E7C492FF81}.Debug|Any CPU.Build.0 = Debug|Any CPU
		{D961646B-65DC-4198-A314-80E7C492FF81}.Release|Any CPU.ActiveCfg = Release|Any CPU
		{D961646B-65DC-4198-A314-80E7C492FF81}.Release|Any CPU.Build.0 = Release|Any CPU
		{32DC58C2-D417-4B39-8DCB-CEFA1A8EE030}.Debug|Any CPU.ActiveCfg = Debug|Any CPU
		{32DC58C2-D417-4B39-8DCB-CEFA1A8EE030}.Debug|Any CPU.Build.0 = Debug|Any CPU
		{32DC58C2-D417-4B39-8DCB-CEFA1A8EE030}.Release|Any CPU.ActiveCfg = Release|Any CPU
		{32DC58C2-D417-4B39-8DCB-CEFA1A8EE030}.Release|Any CPU.Build.0 = Release|Any CPU
		{3D11A8D2-DC47-4010-B58E-2FE4EE136BEA}.Debug|Any CPU.ActiveCfg = Debug|Any CPU
		{3D11A8D2-DC47-4010-B58E-2FE4EE136BEA}.Debug|Any CPU.Build.0 = Debug|Any CPU
		{3D11A8D2-DC47-4010-B58E-2FE4EE136BEA}.Release|Any CPU.ActiveCfg = Release|Any CPU
		{3D11A8D2-DC47-4010-B58E-2FE4EE136BEA}.Release|Any CPU.Build.0 = Release|Any CPU
		{DB0F57AE-24A2-4947-861C-1789EB78FA63}.Debug|Any CPU.ActiveCfg = Debug|Any CPU
		{DB0F57AE-24A2-4947-861C-1789EB78FA63}.Debug|Any CPU.Build.0 = Debug|Any CPU
		{DB0F57AE-24A2-4947-861C-1789EB78FA63}.Release|Any CPU.ActiveCfg = Release|Any CPU
		{DB0F57AE-24A2-4947-861C-1789EB78FA63}.Release|Any CPU.Build.0 = Release|Any CPU
		{5611BA48-8366-4FF3-A88D-0ACC92DF1AA4}.Debug|Any CPU.ActiveCfg = Debug|Any CPU
		{5611BA48-8366-4FF3-A88D-0ACC92DF1AA4}.Debug|Any CPU.Build.0 = Debug|Any CPU
		{5611BA48-8366-4FF3-A88D-0ACC92DF1AA4}.Release|Any CPU.ActiveCfg = Release|Any CPU
		{5611BA48-8366-4FF3-A88D-0ACC92DF1AA4}.Release|Any CPU.Build.0 = Release|Any CPU
		{D44FCF23-EF0C-457D-9BA7-8B78B99684F7}.Debug|Any CPU.ActiveCfg = Debug|Any CPU
		{D44FCF23-EF0C-457D-9BA7-8B78B99684F7}.Debug|Any CPU.Build.0 = Debug|Any CPU
		{D44FCF23-EF0C-457D-9BA7-8B78B99684F7}.Release|Any CPU.ActiveCfg = Release|Any CPU
		{D44FCF23-EF0C-457D-9BA7-8B78B99684F7}.Release|Any CPU.Build.0 = Release|Any CPU
		{7EE8A629-2560-4379-A1F2-419DAF886D61}.Debug|Any CPU.ActiveCfg = Debug|Any CPU
		{7EE8A629-2560-4379-A1F2-419DAF886D61}.Debug|Any CPU.Build.0 = Debug|Any CPU
		{7EE8A629-2560-4379-A1F2-419DAF886D61}.Release|Any CPU.ActiveCfg = Release|Any CPU
		{7EE8A629-2560-4379-A1F2-419DAF886D61}.Release|Any CPU.Build.0 = Release|Any CPU
		{145EE3C0-16D9-4BA7-A8C4-CE8293A60487}.Debug|Any CPU.ActiveCfg = Debug|Any CPU
		{145EE3C0-16D9-4BA7-A8C4-CE8293A60487}.Debug|Any CPU.Build.0 = Debug|Any CPU
		{145EE3C0-16D9-4BA7-A8C4-CE8293A60487}.Release|Any CPU.ActiveCfg = Release|Any CPU
		{145EE3C0-16D9-4BA7-A8C4-CE8293A60487}.Release|Any CPU.Build.0 = Release|Any CPU
		{F8A01E2A-16C2-423F-A7C1-392DC3A7B9BD}.Debug|Any CPU.ActiveCfg = Debug|Any CPU
		{F8A01E2A-16C2-423F-A7C1-392DC3A7B9BD}.Debug|Any CPU.Build.0 = Debug|Any CPU
		{F8A01E2A-16C2-423F-A7C1-392DC3A7B9BD}.Release|Any CPU.ActiveCfg = Release|Any CPU
		{F8A01E2A-16C2-423F-A7C1-392DC3A7B9BD}.Release|Any CPU.Build.0 = Release|Any CPU
		{1A5A2FEA-6183-4977-8E8A-9071A7C6F90F}.Debug|Any CPU.ActiveCfg = Debug|Any CPU
		{1A5A2FEA-6183-4977-8E8A-9071A7C6F90F}.Debug|Any CPU.Build.0 = Debug|Any CPU
		{1A5A2FEA-6183-4977-8E8A-9071A7C6F90F}.Release|Any CPU.ActiveCfg = Release|Any CPU
		{1A5A2FEA-6183-4977-8E8A-9071A7C6F90F}.Release|Any CPU.Build.0 = Release|Any CPU
		{144DA4B7-F502-4733-8F6F-614D735DC154}.Debug|Any CPU.ActiveCfg = Debug|Any CPU
		{144DA4B7-F502-4733-8F6F-614D735DC154}.Debug|Any CPU.Build.0 = Debug|Any CPU
		{144DA4B7-F502-4733-8F6F-614D735DC154}.Release|Any CPU.ActiveCfg = Release|Any CPU
		{144DA4B7-F502-4733-8F6F-614D735DC154}.Release|Any CPU.Build.0 = Release|Any CPU
		{7D2E8D56-1CAA-435A-9550-A0D6E93F9410}.Debug|Any CPU.ActiveCfg = Debug|Any CPU
		{7D2E8D56-1CAA-435A-9550-A0D6E93F9410}.Debug|Any CPU.Build.0 = Debug|Any CPU
		{7D2E8D56-1CAA-435A-9550-A0D6E93F9410}.Release|Any CPU.ActiveCfg = Release|Any CPU
		{7D2E8D56-1CAA-435A-9550-A0D6E93F9410}.Release|Any CPU.Build.0 = Release|Any CPU
		{196115E1-5092-464B-B597-F894830802D4}.Debug|Any CPU.ActiveCfg = Debug|Any CPU
		{196115E1-5092-464B-B597-F894830802D4}.Debug|Any CPU.Build.0 = Debug|Any CPU
		{196115E1-5092-464B-B597-F894830802D4}.Release|Any CPU.ActiveCfg = Release|Any CPU
		{196115E1-5092-464B-B597-F894830802D4}.Release|Any CPU.Build.0 = Release|Any CPU
		{4CFC3631-95BD-4884-AA52-583A00B965F8}.Debug|Any CPU.ActiveCfg = Debug|Any CPU
		{4CFC3631-95BD-4884-AA52-583A00B965F8}.Debug|Any CPU.Build.0 = Debug|Any CPU
		{4CFC3631-95BD-4884-AA52-583A00B965F8}.Release|Any CPU.ActiveCfg = Release|Any CPU
		{4CFC3631-95BD-4884-AA52-583A00B965F8}.Release|Any CPU.Build.0 = Release|Any CPU
		{2F4FCC0D-E205-442D-B47B-5FF70FA7B1F4}.Debug|Any CPU.ActiveCfg = Debug|Any CPU
		{2F4FCC0D-E205-442D-B47B-5FF70FA7B1F4}.Debug|Any CPU.Build.0 = Debug|Any CPU
		{2F4FCC0D-E205-442D-B47B-5FF70FA7B1F4}.Release|Any CPU.ActiveCfg = Release|Any CPU
		{2F4FCC0D-E205-442D-B47B-5FF70FA7B1F4}.Release|Any CPU.Build.0 = Release|Any CPU
		{7F72D67E-8540-4B04-9091-52828DDCC649}.Debug|Any CPU.ActiveCfg = Debug|Any CPU
		{7F72D67E-8540-4B04-9091-52828DDCC649}.Debug|Any CPU.Build.0 = Debug|Any CPU
		{7F72D67E-8540-4B04-9091-52828DDCC649}.Release|Any CPU.ActiveCfg = Release|Any CPU
		{7F72D67E-8540-4B04-9091-52828DDCC649}.Release|Any CPU.Build.0 = Release|Any CPU
		{5EE6D938-32B6-4A21-9A87-11AAD50EF664}.Debug|Any CPU.ActiveCfg = Debug|Any CPU
		{5EE6D938-32B6-4A21-9A87-11AAD50EF664}.Debug|Any CPU.Build.0 = Debug|Any CPU
		{5EE6D938-32B6-4A21-9A87-11AAD50EF664}.Release|Any CPU.ActiveCfg = Release|Any CPU
		{5EE6D938-32B6-4A21-9A87-11AAD50EF664}.Release|Any CPU.Build.0 = Release|Any CPU
		{CACC6749-4CC8-4D30-988A-4E0E67D53725}.Debug|Any CPU.ActiveCfg = Debug|Any CPU
		{CACC6749-4CC8-4D30-988A-4E0E67D53725}.Debug|Any CPU.Build.0 = Debug|Any CPU
		{CACC6749-4CC8-4D30-988A-4E0E67D53725}.Release|Any CPU.ActiveCfg = Release|Any CPU
		{CACC6749-4CC8-4D30-988A-4E0E67D53725}.Release|Any CPU.Build.0 = Release|Any CPU
		{6CF90E06-7AEF-44C7-8A33-5EB8630CABC8}.Debug|Any CPU.ActiveCfg = Debug|Any CPU
		{6CF90E06-7AEF-44C7-8A33-5EB8630CABC8}.Debug|Any CPU.Build.0 = Debug|Any CPU
		{6CF90E06-7AEF-44C7-8A33-5EB8630CABC8}.Release|Any CPU.ActiveCfg = Release|Any CPU
		{6CF90E06-7AEF-44C7-8A33-5EB8630CABC8}.Release|Any CPU.Build.0 = Release|Any CPU
		{CBE28BEA-9D80-47FA-BAF5-BAE52F8EA95E}.Debug|Any CPU.ActiveCfg = Debug|Any CPU
		{CBE28BEA-9D80-47FA-BAF5-BAE52F8EA95E}.Debug|Any CPU.Build.0 = Debug|Any CPU
		{CBE28BEA-9D80-47FA-BAF5-BAE52F8EA95E}.Release|Any CPU.ActiveCfg = Release|Any CPU
		{CBE28BEA-9D80-47FA-BAF5-BAE52F8EA95E}.Release|Any CPU.Build.0 = Release|Any CPU
		{D86F68C3-0799-4144-8E48-7DB1587C10C5}.Debug|Any CPU.ActiveCfg = Debug|Any CPU
		{D86F68C3-0799-4144-8E48-7DB1587C10C5}.Debug|Any CPU.Build.0 = Debug|Any CPU
		{D86F68C3-0799-4144-8E48-7DB1587C10C5}.Release|Any CPU.ActiveCfg = Release|Any CPU
		{D86F68C3-0799-4144-8E48-7DB1587C10C5}.Release|Any CPU.Build.0 = Release|Any CPU
		{6D791C8D-F593-41A8-880A-291ED426519C}.Debug|Any CPU.ActiveCfg = Debug|Any CPU
		{6D791C8D-F593-41A8-880A-291ED426519C}.Debug|Any CPU.Build.0 = Debug|Any CPU
		{6D791C8D-F593-41A8-880A-291ED426519C}.Release|Any CPU.ActiveCfg = Release|Any CPU
		{6D791C8D-F593-41A8-880A-291ED426519C}.Release|Any CPU.Build.0 = Release|Any CPU
		{0F6F2825-C9D4-4875-8740-A8E8A8D2ECFC}.Debug|Any CPU.ActiveCfg = Debug|Any CPU
		{0F6F2825-C9D4-4875-8740-A8E8A8D2ECFC}.Debug|Any CPU.Build.0 = Debug|Any CPU
		{0F6F2825-C9D4-4875-8740-A8E8A8D2ECFC}.Release|Any CPU.ActiveCfg = Release|Any CPU
		{0F6F2825-C9D4-4875-8740-A8E8A8D2ECFC}.Release|Any CPU.Build.0 = Release|Any CPU
		{B3F7EA8A-D67A-43AD-B889-7865C45B7D70}.Debug|Any CPU.ActiveCfg = Debug|Any CPU
		{B3F7EA8A-D67A-43AD-B889-7865C45B7D70}.Debug|Any CPU.Build.0 = Debug|Any CPU
		{B3F7EA8A-D67A-43AD-B889-7865C45B7D70}.Release|Any CPU.ActiveCfg = Release|Any CPU
		{B3F7EA8A-D67A-43AD-B889-7865C45B7D70}.Release|Any CPU.Build.0 = Release|Any CPU
		{6754F573-532F-47F0-B4B8-B78E655F48F1}.Debug|Any CPU.ActiveCfg = Debug|Any CPU
		{6754F573-532F-47F0-B4B8-B78E655F48F1}.Debug|Any CPU.Build.0 = Debug|Any CPU
		{6754F573-532F-47F0-B4B8-B78E655F48F1}.Release|Any CPU.ActiveCfg = Release|Any CPU
		{6754F573-532F-47F0-B4B8-B78E655F48F1}.Release|Any CPU.Build.0 = Release|Any CPU
		{71D7F6C1-8206-4334-B335-88FD51A76AF9}.Debug|Any CPU.ActiveCfg = Debug|Any CPU
		{71D7F6C1-8206-4334-B335-88FD51A76AF9}.Debug|Any CPU.Build.0 = Debug|Any CPU
		{71D7F6C1-8206-4334-B335-88FD51A76AF9}.Release|Any CPU.ActiveCfg = Release|Any CPU
		{71D7F6C1-8206-4334-B335-88FD51A76AF9}.Release|Any CPU.Build.0 = Release|Any CPU
		{1DF0712A-CA40-49C5-96B0-6282F014E6DE}.Debug|Any CPU.ActiveCfg = Debug|Any CPU
		{1DF0712A-CA40-49C5-96B0-6282F014E6DE}.Debug|Any CPU.Build.0 = Debug|Any CPU
		{1DF0712A-CA40-49C5-96B0-6282F014E6DE}.Release|Any CPU.ActiveCfg = Release|Any CPU
		{1DF0712A-CA40-49C5-96B0-6282F014E6DE}.Release|Any CPU.Build.0 = Release|Any CPU
	EndGlobalSection
EndGlobal
