
Microsoft Visual Studio Solution File, Format Version 12.00
Project("{2150E333-8FDC-42A3-9474-1A3956D46DE8}") = "src", "src", "{E1605776-D58A-4E1F-9A6B-000AC427D6D3}"
EndProject
Project("{2150E333-8FDC-42A3-9474-1A3956D46DE8}") = "libs", "libs", "{BC323A03-4584-4F1E-A4D5-A43B9EC16EA9}"
EndProject
Project("{2150E333-8FDC-42A3-9474-1A3956D46DE8}") = "scripts", "scripts", "{F39EEB19-94F0-478C-AF61-38EDB4854CDE}"
EndProject
Project("{2150E333-8FDC-42A3-9474-1A3956D46DE8}") = "docs", "docs", "{435176B9-0C07-4F14-B7C9-69ECDE86B393}"
EndProject
Project("{2150E333-8FDC-42A3-9474-1A3956D46DE8}") = "assets", "assets", "{346C101D-6BD8-492F-8E68-325D94F1CAE5}"
EndProject
Project("{2150E333-8FDC-42A3-9474-1A3956D46DE8}") = "modules", "modules", "{AD4A9030-F01B-4A63-90C6-6EEFBBDB884A}"
EndProject
Project("{2150E333-8FDC-42A3-9474-1A3956D46DE8}") = "api", "api", "{6419C4E3-9F5E-403C-9D35-8D7F4BAE061D}"
EndProject
Project("{2150E333-8FDC-42A3-9474-1A3956D46DE8}") = "tests", "tests", "{0A7AE82A-8798-4A9F-B671-74CEDF398C71}"
EndProject
Project("{2150E333-8FDC-42A3-9474-1A3956D46DE8}") = "UserAccess", "UserAccess", "{6C38BA16-DBC9-4CAC-B9E8-854649331D39}"
EndProject
Project("{2150E333-8FDC-42A3-9474-1A3956D46DE8}") = "UserManagement", "UserManagement", "{E4D59A0F-B90E-47FE-8AF4-93B21A581309}"
EndProject
Project("{2150E333-8FDC-42A3-9474-1A3956D46DE8}") = "Products", "Products", "{093A19C1-B3AE-4537-9EE6-A94EED525E59}"
EndProject
Project("{2150E333-8FDC-42A3-9474-1A3956D46DE8}") = "Categories", "Categories", "{3CD562A1-DBEB-420D-B543-382BE18FC7C9}"
EndProject
Project("{2150E333-8FDC-42A3-9474-1A3956D46DE8}") = "ShoppingList", "ShoppingList", "{5ACC5441-E000-40C9-9711-0B807EE3B809}"
EndProject
Project("{2150E333-8FDC-42A3-9474-1A3956D46DE8}") = "UserGroups", "UserGroups", "{118841AF-3658-493A-843F-89C4868D5FDD}"
EndProject
Project("{2150E333-8FDC-42A3-9474-1A3956D46DE8}") = "Operations", "Operations", "{0B33DFE0-163C-4DB2-ADE0-372B5377BD8B}"
EndProject
Project("{2150E333-8FDC-42A3-9474-1A3956D46DE8}") = "Domain", "Domain", "{47E56D30-11D1-406F-8637-ED9046064103}"
EndProject
Project("{2150E333-8FDC-42A3-9474-1A3956D46DE8}") = "Infrastructure", "Infrastructure", "{75E11E75-FCDD-4C89-9819-64DA005E6736}"
EndProject
Project("{2150E333-8FDC-42A3-9474-1A3956D46DE8}") = "Application", "Application", "{8E6CD1B1-C8BF-43FD-83C8-79333DC3A13B}"
EndProject
Project("{2150E333-8FDC-42A3-9474-1A3956D46DE8}") = "Application", "Application", "{AB3E43E7-A2BC-4A4C-AB6C-E21F432FBCC6}"
EndProject
Project("{2150E333-8FDC-42A3-9474-1A3956D46DE8}") = "Domain", "Domain", "{4DF0F0C3-271A-449C-9F6D-F14421A75CE2}"
EndProject
Project("{2150E333-8FDC-42A3-9474-1A3956D46DE8}") = "Infrastructure", "Infrastructure", "{355C37F2-6A9D-4F15-96A2-460E3F96EBD8}"
EndProject
Project("{2150E333-8FDC-42A3-9474-1A3956D46DE8}") = "Tests", "Tests", "{EF5F5747-FE9C-4C44-8D35-DCDBCC0076D5}"
EndProject
Project("{2150E333-8FDC-42A3-9474-1A3956D46DE8}") = "Tests", "Tests", "{04D66AA1-D977-43EA-917E-6D10477394FE}"
EndProject
Project("{FAE04EC0-301F-11D3-BF4B-00C04F79EFBC}") = "Shoppingendly.Products.Domain", "src\modules\Products\Domain\Shoppingendly.Products.Domain.csproj", "{C622E3F8-3A53-47FA-A5F0-E8C2684CDF20}"
EndProject
Project("{FAE04EC0-301F-11D3-BF4B-00C04F79EFBC}") = "Shoppingendly.Categories.Domain", "src\modules\Categories\Domain\Shoppingendly.Categories.Domain.csproj", "{32AFA939-F6F7-4462-AB8F-81524FC10373}"
EndProject
Project("{2150E333-8FDC-42A3-9474-1A3956D46DE8}") = "Application", "Application", "{DA95977A-86A5-4EA9-A986-54DC4FEBCD18}"
EndProject
Project("{2150E333-8FDC-42A3-9474-1A3956D46DE8}") = "Infrastructure", "Infrastructure", "{B0D83AD4-6B5C-4E1C-8F48-878611D34099}"
EndProject
Project("{2150E333-8FDC-42A3-9474-1A3956D46DE8}") = "Tests", "Tests", "{E448E487-C880-4011-B831-76B829794479}"
EndProject
Project("{2150E333-8FDC-42A3-9474-1A3956D46DE8}") = "Domain", "Domain", "{00FB131C-EE44-4CEA-A411-251649D74E03}"
EndProject
Project("{2150E333-8FDC-42A3-9474-1A3956D46DE8}") = "Application", "Application", "{C61F949A-3CD2-476D-9674-FDF583361C6D}"
EndProject
Project("{2150E333-8FDC-42A3-9474-1A3956D46DE8}") = "Tests", "Tests", "{61E2CAB1-B380-4AB0-90F2-64063F3BF885}"
EndProject
Project("{2150E333-8FDC-42A3-9474-1A3956D46DE8}") = "Domain", "Domain", "{05D6D38A-F05D-4008-AD0C-1353EE8A036D}"
EndProject
Project("{2150E333-8FDC-42A3-9474-1A3956D46DE8}") = "Infrastructure", "Infrastructure", "{5CD2BD41-B1BA-4A7C-A12F-50855DA9AE6F}"
EndProject
Project("{2150E333-8FDC-42A3-9474-1A3956D46DE8}") = "Application", "Application", "{9CFB33A6-E24E-471C-BA48-6BF77EE29227}"
EndProject
Project("{2150E333-8FDC-42A3-9474-1A3956D46DE8}") = "Tests", "Tests", "{2660337A-B04A-40DB-8EAA-F3A6F2E8DAEC}"
EndProject
Project("{2150E333-8FDC-42A3-9474-1A3956D46DE8}") = "Infrastructure", "Infrastructure", "{37D08755-BB6A-407B-8BCA-23150EABDD3A}"
EndProject
Project("{2150E333-8FDC-42A3-9474-1A3956D46DE8}") = "Domain", "Domain", "{0F97E33E-02DE-44FC-8B7C-4CCDDE9C7E04}"
EndProject
Project("{FAE04EC0-301F-11D3-BF4B-00C04F79EFBC}") = "Shoppingendly.Operations.Domain", "src\modules\Operations\Domain\Shoppingendly.Operations.Domain.csproj", "{26362C4C-BE9E-4838-8F10-2ABCCD9A8EA9}"
EndProject
Project("{FAE04EC0-301F-11D3-BF4B-00C04F79EFBC}") = "Shoppingendly.ShoppingList.Domain", "src\modules\ShoppingList\Domain\Shoppingendly.ShoppingList.Domain.csproj", "{C2DAB2F0-48E9-42DD-B113-FD88F3427208}"
EndProject
Project("{FAE04EC0-301F-11D3-BF4B-00C04F79EFBC}") = "Shoppingendly.UserAccess.Domain", "src\modules\UserAccess\Domain\Shoppingendly.UserAccess.Domain.csproj", "{7A76E637-4843-42C1-9EDF-E8C4D527840A}"
EndProject
Project("{FAE04EC0-301F-11D3-BF4B-00C04F79EFBC}") = "Shoppingendly.Operations.Application", "src\modules\Operations\Application\Shoppingendly.Operations.Application.csproj", "{2D5025D1-3378-45E1-8B3B-6830DFDE7AFA}"
EndProject
Project("{FAE04EC0-301F-11D3-BF4B-00C04F79EFBC}") = "Shoppingendly.Operations.Infrastructure", "src\modules\Operations\Infrastructure\Shoppingendly.Operations.Infrastructure.csproj", "{BB903318-2AB8-4B36-B109-9BA2EAE786D3}"
EndProject
Project("{FAE04EC0-301F-11D3-BF4B-00C04F79EFBC}") = "Shoppingendly.Products.Application", "src\modules\Products\Application\Shoppingendly.Products.Application.csproj", "{6A1512DC-F6E2-4231-B895-E2BE014F2028}"
EndProject
Project("{FAE04EC0-301F-11D3-BF4B-00C04F79EFBC}") = "Shoppingendly.Products.Infrastructure", "src\modules\Products\Infrastructure\Shoppingendly.Products.Infrastructure.csproj", "{A9E4A5A7-EB86-4A6B-80BE-25BCB0EC01E7}"
EndProject
Project("{FAE04EC0-301F-11D3-BF4B-00C04F79EFBC}") = "Shoppingendly.ShoppingList.Application", "src\modules\ShoppingList\Application\Shoppingendly.ShoppingList.Application.csproj", "{BAEB29CA-510D-4EF4-A7E3-B49A36681DD6}"
EndProject
Project("{FAE04EC0-301F-11D3-BF4B-00C04F79EFBC}") = "Shoppingendly.ShoppingList.Infrastructure", "src\modules\ShoppingList\Infrastructure\Shoppingendly.ShoppingList.Infrastructure.csproj", "{3B78F361-C9E8-4F6B-96B6-CC0536E76E00}"
EndProject
Project("{FAE04EC0-301F-11D3-BF4B-00C04F79EFBC}") = "Shoppingendly.Categories.Application", "src\modules\Categories\Application\Shoppingendly.Categories.Application.csproj", "{9C9E1AEE-CF9A-46CE-B1CC-CE203B5EE731}"
EndProject
Project("{FAE04EC0-301F-11D3-BF4B-00C04F79EFBC}") = "Shoppingendly.Categories.Infrastructure", "src\modules\Categories\Infrastructure\Shoppingendly.Categories.Infrastructure.csproj", "{F6C2D805-29CC-4120-8D0C-F81BFAF4D499}"
EndProject
Project("{FAE04EC0-301F-11D3-BF4B-00C04F79EFBC}") = "Shoppingendly.UserAccess.Application", "src\modules\UserAccess\Application\Shoppingendly.UserAccess.Application.csproj", "{CE8B6AA4-C05B-4261-ADEA-2802776B5646}"
EndProject
Project("{FAE04EC0-301F-11D3-BF4B-00C04F79EFBC}") = "Shoppingendly.UserAccess.Infrastructure", "src\modules\UserAccess\Infrastructure\Shoppingendly.UserAccess.Infrastructure.csproj", "{14B34DBC-DCF8-4FF5-AF5D-CAA21B319C58}"
EndProject
Project("{2150E333-8FDC-42A3-9474-1A3956D46DE8}") = "Application", "Application", "{1722D1E2-21BF-4244-AE68-38BCD650EB96}"
EndProject
Project("{2150E333-8FDC-42A3-9474-1A3956D46DE8}") = "Infrastructure", "Infrastructure", "{F79ABAB2-8D84-427C-AB6C-F92D0B3C147B}"
EndProject
Project("{2150E333-8FDC-42A3-9474-1A3956D46DE8}") = "Tests", "Tests", "{8053E198-3262-476E-AADF-AECAA1C11368}"
EndProject
Project("{2150E333-8FDC-42A3-9474-1A3956D46DE8}") = "Domain", "Domain", "{5B354275-3A71-4EA6-84D0-C36C8B72FC7B}"
EndProject
Project("{2150E333-8FDC-42A3-9474-1A3956D46DE8}") = "Domain", "Domain", "{37A3374E-E33C-43E5-98B6-5B9FF6B59F82}"
EndProject
Project("{2150E333-8FDC-42A3-9474-1A3956D46DE8}") = "Application", "Application", "{925A2388-C379-44C9-8B89-827D7B1E80A6}"
EndProject
Project("{2150E333-8FDC-42A3-9474-1A3956D46DE8}") = "Infrastructure", "Infrastructure", "{792729F0-9866-4E01-8253-2ED4A49EC11A}"
EndProject
Project("{2150E333-8FDC-42A3-9474-1A3956D46DE8}") = "Tests", "Tests", "{F5352FCB-9F40-4DFA-AFFC-86E1272AB82C}"
EndProject
Project("{FAE04EC0-301F-11D3-BF4B-00C04F79EFBC}") = "Shoppingendly.UserGroups.Application", "src\modules\UserGroups\Application\Shoppingendly.UserGroups.Application.csproj", "{EEFEC903-2ED1-44B8-B421-DA074C56DB0A}"
EndProject
Project("{FAE04EC0-301F-11D3-BF4B-00C04F79EFBC}") = "Shoppingendly.UserGroups.Domain", "src\modules\UserGroups\Domain\Shoppingendly.UserGroups.Domain.csproj", "{344064F4-0EE4-49AC-B963-58CF0BB11525}"
EndProject
Project("{FAE04EC0-301F-11D3-BF4B-00C04F79EFBC}") = "Shoppingendly.UserGroups.Infrastructure", "src\modules\UserGroups\Infrastructure\Shoppingendly.UserGroups.Infrastructure.csproj", "{400D220D-2E98-459F-94F5-158E843EBA4E}"
EndProject
Project("{FAE04EC0-301F-11D3-BF4B-00C04F79EFBC}") = "Shoppingendly.UserManagement.Application", "src\modules\UserManagement\Application\Shoppingendly.UserManagement.Application.csproj", "{95149778-F960-4368-A8EC-33FB511AF4AD}"
EndProject
Project("{FAE04EC0-301F-11D3-BF4B-00C04F79EFBC}") = "Shoppingendly.UserManagement.Domain", "src\modules\UserManagement\Domain\Shoppingendly.UserManagement.Domain.csproj", "{794E9180-4292-434D-918E-073D6376B515}"
EndProject
Project("{FAE04EC0-301F-11D3-BF4B-00C04F79EFBC}") = "Shoppingendly.UserManagement.Infrastructure", "src\modules\UserManagement\Infrastructure\Shoppingendly.UserManagement.Infrastructure.csproj", "{2D8DBF8F-6506-4E48-BC67-70DF33CB55D4}"
EndProject
Project("{2150E333-8FDC-42A3-9474-1A3956D46DE8}") = "WebApi", "WebApi", "{D405D6F2-8445-4DA6-B410-991C4DB842C0}"
EndProject
Project("{FAE04EC0-301F-11D3-BF4B-00C04F79EFBC}") = "Shoppingendly.WebApi", "src\api\WebApi\Shoppingendly.WebApi.csproj", "{E0DCCF30-C575-45AC-BACE-BEC2460BB26A}"
EndProject
Project("{FAE04EC0-301F-11D3-BF4B-00C04F79EFBC}") = "Shoppingendly.Categories.UnitTests", "src\modules\Categories\Tests\Shoppingendly.Categories.UnitTests.csproj", "{7BF10CD3-2F67-4F70-B4CA-8393FFF3E3E3}"
EndProject
Project("{FAE04EC0-301F-11D3-BF4B-00C04F79EFBC}") = "Shoppingendly.Operations.UnitTests", "src\modules\Operations\Tests\Shoppingendly.Operations.UnitTests.csproj", "{F6CBB2EB-F0E2-4B2D-B638-F73ED55A5B39}"
EndProject
Project("{FAE04EC0-301F-11D3-BF4B-00C04F79EFBC}") = "Shoppingendly.Products.UnitTests", "src\modules\Products\Tests\Shoppingendly.Products.UnitTests.csproj", "{56D8F026-5747-404E-A69D-02EE2F41E299}"
EndProject
Project("{FAE04EC0-301F-11D3-BF4B-00C04F79EFBC}") = "Shoppingendly.ShoppingList.UnitTests", "src\modules\ShoppingList\Tests\Shoppingendly.ShoppingList.UnitTests.csproj", "{F5F71D1B-334B-4A1F-800C-7D4CA36031C2}"
EndProject
Project("{FAE04EC0-301F-11D3-BF4B-00C04F79EFBC}") = "Shoppingendly.UserAccess.UnitTests", "src\modules\UserAccess\Tests\Shoppingendly.UserAccess.UnitTests.csproj", "{6CA2477B-D567-4659-A11F-714C42B36AB4}"
EndProject
Project("{FAE04EC0-301F-11D3-BF4B-00C04F79EFBC}") = "Shoppingendly.UserGroups.UnitTests", "src\modules\UserGroups\Tests\Shoppingendly.UserGroups.UnitTests.csproj", "{E8D3CC09-5EE9-48F0-9173-FD3B0FA5C14A}"
EndProject
Project("{FAE04EC0-301F-11D3-BF4B-00C04F79EFBC}") = "Shoppingendly.UserManagement.UnitTests", "src\modules\UserManagement\Tests\Shoppingendly.UserManagement.UnitTests.csproj", "{9DCC8168-57FA-47BE-9A3E-6F007B8E39BC}"
EndProject
Project("{2150E333-8FDC-42A3-9474-1A3956D46DE8}") = "IntegrationTests", "IntegrationTests", "{ABA47734-25AC-4704-B3D2-E9B37B7D69BE}"
EndProject
Project("{FAE04EC0-301F-11D3-BF4B-00C04F79EFBC}") = "Shoppingendly.IntegrationsTests", "src\tests\IntegrationTests\Shoppingendly.IntegrationsTests\Shoppingendly.IntegrationsTests.csproj", "{70528C00-C55F-4B1E-90B6-1F864C1B23AC}"
EndProject
Global
	GlobalSection(SolutionConfigurationPlatforms) = preSolution
		Debug|Any CPU = Debug|Any CPU
		Release|Any CPU = Release|Any CPU
	EndGlobalSection
	GlobalSection(NestedProjects) = preSolution
		{AD4A9030-F01B-4A63-90C6-6EEFBBDB884A} = {E1605776-D58A-4E1F-9A6B-000AC427D6D3}
		{BC323A03-4584-4F1E-A4D5-A43B9EC16EA9} = {E1605776-D58A-4E1F-9A6B-000AC427D6D3}
		{6419C4E3-9F5E-403C-9D35-8D7F4BAE061D} = {E1605776-D58A-4E1F-9A6B-000AC427D6D3}
		{0A7AE82A-8798-4A9F-B671-74CEDF398C71} = {E1605776-D58A-4E1F-9A6B-000AC427D6D3}
		{6C38BA16-DBC9-4CAC-B9E8-854649331D39} = {AD4A9030-F01B-4A63-90C6-6EEFBBDB884A}
		{E4D59A0F-B90E-47FE-8AF4-93B21A581309} = {AD4A9030-F01B-4A63-90C6-6EEFBBDB884A}
		{093A19C1-B3AE-4537-9EE6-A94EED525E59} = {AD4A9030-F01B-4A63-90C6-6EEFBBDB884A}
		{3CD562A1-DBEB-420D-B543-382BE18FC7C9} = {AD4A9030-F01B-4A63-90C6-6EEFBBDB884A}
		{5ACC5441-E000-40C9-9711-0B807EE3B809} = {AD4A9030-F01B-4A63-90C6-6EEFBBDB884A}
		{118841AF-3658-493A-843F-89C4868D5FDD} = {AD4A9030-F01B-4A63-90C6-6EEFBBDB884A}
		{0B33DFE0-163C-4DB2-ADE0-372B5377BD8B} = {AD4A9030-F01B-4A63-90C6-6EEFBBDB884A}
		{8E6CD1B1-C8BF-43FD-83C8-79333DC3A13B} = {3CD562A1-DBEB-420D-B543-382BE18FC7C9}
		{47E56D30-11D1-406F-8637-ED9046064103} = {3CD562A1-DBEB-420D-B543-382BE18FC7C9}
		{75E11E75-FCDD-4C89-9819-64DA005E6736} = {3CD562A1-DBEB-420D-B543-382BE18FC7C9}
		{AB3E43E7-A2BC-4A4C-AB6C-E21F432FBCC6} = {093A19C1-B3AE-4537-9EE6-A94EED525E59}
		{4DF0F0C3-271A-449C-9F6D-F14421A75CE2} = {093A19C1-B3AE-4537-9EE6-A94EED525E59}
		{355C37F2-6A9D-4F15-96A2-460E3F96EBD8} = {093A19C1-B3AE-4537-9EE6-A94EED525E59}
		{EF5F5747-FE9C-4C44-8D35-DCDBCC0076D5} = {093A19C1-B3AE-4537-9EE6-A94EED525E59}
		{04D66AA1-D977-43EA-917E-6D10477394FE} = {3CD562A1-DBEB-420D-B543-382BE18FC7C9}
		{C622E3F8-3A53-47FA-A5F0-E8C2684CDF20} = {4DF0F0C3-271A-449C-9F6D-F14421A75CE2}
		{32AFA939-F6F7-4462-AB8F-81524FC10373} = {47E56D30-11D1-406F-8637-ED9046064103}
		{DA95977A-86A5-4EA9-A986-54DC4FEBCD18} = {0B33DFE0-163C-4DB2-ADE0-372B5377BD8B}
		{B0D83AD4-6B5C-4E1C-8F48-878611D34099} = {0B33DFE0-163C-4DB2-ADE0-372B5377BD8B}
		{E448E487-C880-4011-B831-76B829794479} = {0B33DFE0-163C-4DB2-ADE0-372B5377BD8B}
		{00FB131C-EE44-4CEA-A411-251649D74E03} = {0B33DFE0-163C-4DB2-ADE0-372B5377BD8B}
		{C61F949A-3CD2-476D-9674-FDF583361C6D} = {5ACC5441-E000-40C9-9711-0B807EE3B809}
		{61E2CAB1-B380-4AB0-90F2-64063F3BF885} = {5ACC5441-E000-40C9-9711-0B807EE3B809}
		{05D6D38A-F05D-4008-AD0C-1353EE8A036D} = {5ACC5441-E000-40C9-9711-0B807EE3B809}
		{5CD2BD41-B1BA-4A7C-A12F-50855DA9AE6F} = {5ACC5441-E000-40C9-9711-0B807EE3B809}
		{9CFB33A6-E24E-471C-BA48-6BF77EE29227} = {6C38BA16-DBC9-4CAC-B9E8-854649331D39}
		{2660337A-B04A-40DB-8EAA-F3A6F2E8DAEC} = {6C38BA16-DBC9-4CAC-B9E8-854649331D39}
		{37D08755-BB6A-407B-8BCA-23150EABDD3A} = {6C38BA16-DBC9-4CAC-B9E8-854649331D39}
		{0F97E33E-02DE-44FC-8B7C-4CCDDE9C7E04} = {6C38BA16-DBC9-4CAC-B9E8-854649331D39}
		{26362C4C-BE9E-4838-8F10-2ABCCD9A8EA9} = {00FB131C-EE44-4CEA-A411-251649D74E03}
		{C2DAB2F0-48E9-42DD-B113-FD88F3427208} = {05D6D38A-F05D-4008-AD0C-1353EE8A036D}
		{7A76E637-4843-42C1-9EDF-E8C4D527840A} = {0F97E33E-02DE-44FC-8B7C-4CCDDE9C7E04}
		{2D5025D1-3378-45E1-8B3B-6830DFDE7AFA} = {DA95977A-86A5-4EA9-A986-54DC4FEBCD18}
		{BB903318-2AB8-4B36-B109-9BA2EAE786D3} = {B0D83AD4-6B5C-4E1C-8F48-878611D34099}
		{6A1512DC-F6E2-4231-B895-E2BE014F2028} = {AB3E43E7-A2BC-4A4C-AB6C-E21F432FBCC6}
		{A9E4A5A7-EB86-4A6B-80BE-25BCB0EC01E7} = {355C37F2-6A9D-4F15-96A2-460E3F96EBD8}
		{BAEB29CA-510D-4EF4-A7E3-B49A36681DD6} = {C61F949A-3CD2-476D-9674-FDF583361C6D}
		{3B78F361-C9E8-4F6B-96B6-CC0536E76E00} = {5CD2BD41-B1BA-4A7C-A12F-50855DA9AE6F}
		{9C9E1AEE-CF9A-46CE-B1CC-CE203B5EE731} = {8E6CD1B1-C8BF-43FD-83C8-79333DC3A13B}
		{F6C2D805-29CC-4120-8D0C-F81BFAF4D499} = {75E11E75-FCDD-4C89-9819-64DA005E6736}
		{CE8B6AA4-C05B-4261-ADEA-2802776B5646} = {9CFB33A6-E24E-471C-BA48-6BF77EE29227}
		{14B34DBC-DCF8-4FF5-AF5D-CAA21B319C58} = {37D08755-BB6A-407B-8BCA-23150EABDD3A}
		{1722D1E2-21BF-4244-AE68-38BCD650EB96} = {118841AF-3658-493A-843F-89C4868D5FDD}
		{F79ABAB2-8D84-427C-AB6C-F92D0B3C147B} = {118841AF-3658-493A-843F-89C4868D5FDD}
		{8053E198-3262-476E-AADF-AECAA1C11368} = {118841AF-3658-493A-843F-89C4868D5FDD}
		{5B354275-3A71-4EA6-84D0-C36C8B72FC7B} = {118841AF-3658-493A-843F-89C4868D5FDD}
		{37A3374E-E33C-43E5-98B6-5B9FF6B59F82} = {E4D59A0F-B90E-47FE-8AF4-93B21A581309}
		{925A2388-C379-44C9-8B89-827D7B1E80A6} = {E4D59A0F-B90E-47FE-8AF4-93B21A581309}
		{792729F0-9866-4E01-8253-2ED4A49EC11A} = {E4D59A0F-B90E-47FE-8AF4-93B21A581309}
		{F5352FCB-9F40-4DFA-AFFC-86E1272AB82C} = {E4D59A0F-B90E-47FE-8AF4-93B21A581309}
		{EEFEC903-2ED1-44B8-B421-DA074C56DB0A} = {1722D1E2-21BF-4244-AE68-38BCD650EB96}
		{344064F4-0EE4-49AC-B963-58CF0BB11525} = {5B354275-3A71-4EA6-84D0-C36C8B72FC7B}
		{400D220D-2E98-459F-94F5-158E843EBA4E} = {F79ABAB2-8D84-427C-AB6C-F92D0B3C147B}
		{95149778-F960-4368-A8EC-33FB511AF4AD} = {925A2388-C379-44C9-8B89-827D7B1E80A6}
		{794E9180-4292-434D-918E-073D6376B515} = {37A3374E-E33C-43E5-98B6-5B9FF6B59F82}
		{2D8DBF8F-6506-4E48-BC67-70DF33CB55D4} = {792729F0-9866-4E01-8253-2ED4A49EC11A}
		{D405D6F2-8445-4DA6-B410-991C4DB842C0} = {6419C4E3-9F5E-403C-9D35-8D7F4BAE061D}
		{E0DCCF30-C575-45AC-BACE-BEC2460BB26A} = {D405D6F2-8445-4DA6-B410-991C4DB842C0}
		{7BF10CD3-2F67-4F70-B4CA-8393FFF3E3E3} = {04D66AA1-D977-43EA-917E-6D10477394FE}
		{F6CBB2EB-F0E2-4B2D-B638-F73ED55A5B39} = {E448E487-C880-4011-B831-76B829794479}
		{56D8F026-5747-404E-A69D-02EE2F41E299} = {EF5F5747-FE9C-4C44-8D35-DCDBCC0076D5}
		{F5F71D1B-334B-4A1F-800C-7D4CA36031C2} = {61E2CAB1-B380-4AB0-90F2-64063F3BF885}
		{6CA2477B-D567-4659-A11F-714C42B36AB4} = {2660337A-B04A-40DB-8EAA-F3A6F2E8DAEC}
		{E8D3CC09-5EE9-48F0-9173-FD3B0FA5C14A} = {8053E198-3262-476E-AADF-AECAA1C11368}
		{9DCC8168-57FA-47BE-9A3E-6F007B8E39BC} = {F5352FCB-9F40-4DFA-AFFC-86E1272AB82C}
		{ABA47734-25AC-4704-B3D2-E9B37B7D69BE} = {0A7AE82A-8798-4A9F-B671-74CEDF398C71}
		{70528C00-C55F-4B1E-90B6-1F864C1B23AC} = {ABA47734-25AC-4704-B3D2-E9B37B7D69BE}
	EndGlobalSection
	GlobalSection(ProjectConfigurationPlatforms) = postSolution
		{C622E3F8-3A53-47FA-A5F0-E8C2684CDF20}.Debug|Any CPU.ActiveCfg = Debug|Any CPU
		{C622E3F8-3A53-47FA-A5F0-E8C2684CDF20}.Debug|Any CPU.Build.0 = Debug|Any CPU
		{C622E3F8-3A53-47FA-A5F0-E8C2684CDF20}.Release|Any CPU.ActiveCfg = Release|Any CPU
		{C622E3F8-3A53-47FA-A5F0-E8C2684CDF20}.Release|Any CPU.Build.0 = Release|Any CPU
		{32AFA939-F6F7-4462-AB8F-81524FC10373}.Debug|Any CPU.ActiveCfg = Debug|Any CPU
		{32AFA939-F6F7-4462-AB8F-81524FC10373}.Debug|Any CPU.Build.0 = Debug|Any CPU
		{32AFA939-F6F7-4462-AB8F-81524FC10373}.Release|Any CPU.ActiveCfg = Release|Any CPU
		{32AFA939-F6F7-4462-AB8F-81524FC10373}.Release|Any CPU.Build.0 = Release|Any CPU
		{26362C4C-BE9E-4838-8F10-2ABCCD9A8EA9}.Debug|Any CPU.ActiveCfg = Debug|Any CPU
		{26362C4C-BE9E-4838-8F10-2ABCCD9A8EA9}.Debug|Any CPU.Build.0 = Debug|Any CPU
		{26362C4C-BE9E-4838-8F10-2ABCCD9A8EA9}.Release|Any CPU.ActiveCfg = Release|Any CPU
		{26362C4C-BE9E-4838-8F10-2ABCCD9A8EA9}.Release|Any CPU.Build.0 = Release|Any CPU
		{C2DAB2F0-48E9-42DD-B113-FD88F3427208}.Debug|Any CPU.ActiveCfg = Debug|Any CPU
		{C2DAB2F0-48E9-42DD-B113-FD88F3427208}.Debug|Any CPU.Build.0 = Debug|Any CPU
		{C2DAB2F0-48E9-42DD-B113-FD88F3427208}.Release|Any CPU.ActiveCfg = Release|Any CPU
		{C2DAB2F0-48E9-42DD-B113-FD88F3427208}.Release|Any CPU.Build.0 = Release|Any CPU
		{7A76E637-4843-42C1-9EDF-E8C4D527840A}.Debug|Any CPU.ActiveCfg = Debug|Any CPU
		{7A76E637-4843-42C1-9EDF-E8C4D527840A}.Debug|Any CPU.Build.0 = Debug|Any CPU
		{7A76E637-4843-42C1-9EDF-E8C4D527840A}.Release|Any CPU.ActiveCfg = Release|Any CPU
		{7A76E637-4843-42C1-9EDF-E8C4D527840A}.Release|Any CPU.Build.0 = Release|Any CPU
		{2D5025D1-3378-45E1-8B3B-6830DFDE7AFA}.Debug|Any CPU.ActiveCfg = Debug|Any CPU
		{2D5025D1-3378-45E1-8B3B-6830DFDE7AFA}.Debug|Any CPU.Build.0 = Debug|Any CPU
		{2D5025D1-3378-45E1-8B3B-6830DFDE7AFA}.Release|Any CPU.ActiveCfg = Release|Any CPU
		{2D5025D1-3378-45E1-8B3B-6830DFDE7AFA}.Release|Any CPU.Build.0 = Release|Any CPU
		{BB903318-2AB8-4B36-B109-9BA2EAE786D3}.Debug|Any CPU.ActiveCfg = Debug|Any CPU
		{BB903318-2AB8-4B36-B109-9BA2EAE786D3}.Debug|Any CPU.Build.0 = Debug|Any CPU
		{BB903318-2AB8-4B36-B109-9BA2EAE786D3}.Release|Any CPU.ActiveCfg = Release|Any CPU
		{BB903318-2AB8-4B36-B109-9BA2EAE786D3}.Release|Any CPU.Build.0 = Release|Any CPU
		{6A1512DC-F6E2-4231-B895-E2BE014F2028}.Debug|Any CPU.ActiveCfg = Debug|Any CPU
		{6A1512DC-F6E2-4231-B895-E2BE014F2028}.Debug|Any CPU.Build.0 = Debug|Any CPU
		{6A1512DC-F6E2-4231-B895-E2BE014F2028}.Release|Any CPU.ActiveCfg = Release|Any CPU
		{6A1512DC-F6E2-4231-B895-E2BE014F2028}.Release|Any CPU.Build.0 = Release|Any CPU
		{A9E4A5A7-EB86-4A6B-80BE-25BCB0EC01E7}.Debug|Any CPU.ActiveCfg = Debug|Any CPU
		{A9E4A5A7-EB86-4A6B-80BE-25BCB0EC01E7}.Debug|Any CPU.Build.0 = Debug|Any CPU
		{A9E4A5A7-EB86-4A6B-80BE-25BCB0EC01E7}.Release|Any CPU.ActiveCfg = Release|Any CPU
		{A9E4A5A7-EB86-4A6B-80BE-25BCB0EC01E7}.Release|Any CPU.Build.0 = Release|Any CPU
		{BAEB29CA-510D-4EF4-A7E3-B49A36681DD6}.Debug|Any CPU.ActiveCfg = Debug|Any CPU
		{BAEB29CA-510D-4EF4-A7E3-B49A36681DD6}.Debug|Any CPU.Build.0 = Debug|Any CPU
		{BAEB29CA-510D-4EF4-A7E3-B49A36681DD6}.Release|Any CPU.ActiveCfg = Release|Any CPU
		{BAEB29CA-510D-4EF4-A7E3-B49A36681DD6}.Release|Any CPU.Build.0 = Release|Any CPU
		{3B78F361-C9E8-4F6B-96B6-CC0536E76E00}.Debug|Any CPU.ActiveCfg = Debug|Any CPU
		{3B78F361-C9E8-4F6B-96B6-CC0536E76E00}.Debug|Any CPU.Build.0 = Debug|Any CPU
		{3B78F361-C9E8-4F6B-96B6-CC0536E76E00}.Release|Any CPU.ActiveCfg = Release|Any CPU
		{3B78F361-C9E8-4F6B-96B6-CC0536E76E00}.Release|Any CPU.Build.0 = Release|Any CPU
		{9C9E1AEE-CF9A-46CE-B1CC-CE203B5EE731}.Debug|Any CPU.ActiveCfg = Debug|Any CPU
		{9C9E1AEE-CF9A-46CE-B1CC-CE203B5EE731}.Debug|Any CPU.Build.0 = Debug|Any CPU
		{9C9E1AEE-CF9A-46CE-B1CC-CE203B5EE731}.Release|Any CPU.ActiveCfg = Release|Any CPU
		{9C9E1AEE-CF9A-46CE-B1CC-CE203B5EE731}.Release|Any CPU.Build.0 = Release|Any CPU
		{F6C2D805-29CC-4120-8D0C-F81BFAF4D499}.Debug|Any CPU.ActiveCfg = Debug|Any CPU
		{F6C2D805-29CC-4120-8D0C-F81BFAF4D499}.Debug|Any CPU.Build.0 = Debug|Any CPU
		{F6C2D805-29CC-4120-8D0C-F81BFAF4D499}.Release|Any CPU.ActiveCfg = Release|Any CPU
		{F6C2D805-29CC-4120-8D0C-F81BFAF4D499}.Release|Any CPU.Build.0 = Release|Any CPU
		{CE8B6AA4-C05B-4261-ADEA-2802776B5646}.Debug|Any CPU.ActiveCfg = Debug|Any CPU
		{CE8B6AA4-C05B-4261-ADEA-2802776B5646}.Debug|Any CPU.Build.0 = Debug|Any CPU
		{CE8B6AA4-C05B-4261-ADEA-2802776B5646}.Release|Any CPU.ActiveCfg = Release|Any CPU
		{CE8B6AA4-C05B-4261-ADEA-2802776B5646}.Release|Any CPU.Build.0 = Release|Any CPU
		{14B34DBC-DCF8-4FF5-AF5D-CAA21B319C58}.Debug|Any CPU.ActiveCfg = Debug|Any CPU
		{14B34DBC-DCF8-4FF5-AF5D-CAA21B319C58}.Debug|Any CPU.Build.0 = Debug|Any CPU
		{14B34DBC-DCF8-4FF5-AF5D-CAA21B319C58}.Release|Any CPU.ActiveCfg = Release|Any CPU
		{14B34DBC-DCF8-4FF5-AF5D-CAA21B319C58}.Release|Any CPU.Build.0 = Release|Any CPU
		{EEFEC903-2ED1-44B8-B421-DA074C56DB0A}.Debug|Any CPU.ActiveCfg = Debug|Any CPU
		{EEFEC903-2ED1-44B8-B421-DA074C56DB0A}.Debug|Any CPU.Build.0 = Debug|Any CPU
		{EEFEC903-2ED1-44B8-B421-DA074C56DB0A}.Release|Any CPU.ActiveCfg = Release|Any CPU
		{EEFEC903-2ED1-44B8-B421-DA074C56DB0A}.Release|Any CPU.Build.0 = Release|Any CPU
		{344064F4-0EE4-49AC-B963-58CF0BB11525}.Debug|Any CPU.ActiveCfg = Debug|Any CPU
		{344064F4-0EE4-49AC-B963-58CF0BB11525}.Debug|Any CPU.Build.0 = Debug|Any CPU
		{344064F4-0EE4-49AC-B963-58CF0BB11525}.Release|Any CPU.ActiveCfg = Release|Any CPU
		{344064F4-0EE4-49AC-B963-58CF0BB11525}.Release|Any CPU.Build.0 = Release|Any CPU
		{400D220D-2E98-459F-94F5-158E843EBA4E}.Debug|Any CPU.ActiveCfg = Debug|Any CPU
		{400D220D-2E98-459F-94F5-158E843EBA4E}.Debug|Any CPU.Build.0 = Debug|Any CPU
		{400D220D-2E98-459F-94F5-158E843EBA4E}.Release|Any CPU.ActiveCfg = Release|Any CPU
		{400D220D-2E98-459F-94F5-158E843EBA4E}.Release|Any CPU.Build.0 = Release|Any CPU
		{95149778-F960-4368-A8EC-33FB511AF4AD}.Debug|Any CPU.ActiveCfg = Debug|Any CPU
		{95149778-F960-4368-A8EC-33FB511AF4AD}.Debug|Any CPU.Build.0 = Debug|Any CPU
		{95149778-F960-4368-A8EC-33FB511AF4AD}.Release|Any CPU.ActiveCfg = Release|Any CPU
		{95149778-F960-4368-A8EC-33FB511AF4AD}.Release|Any CPU.Build.0 = Release|Any CPU
		{794E9180-4292-434D-918E-073D6376B515}.Debug|Any CPU.ActiveCfg = Debug|Any CPU
		{794E9180-4292-434D-918E-073D6376B515}.Debug|Any CPU.Build.0 = Debug|Any CPU
		{794E9180-4292-434D-918E-073D6376B515}.Release|Any CPU.ActiveCfg = Release|Any CPU
		{794E9180-4292-434D-918E-073D6376B515}.Release|Any CPU.Build.0 = Release|Any CPU
		{2D8DBF8F-6506-4E48-BC67-70DF33CB55D4}.Debug|Any CPU.ActiveCfg = Debug|Any CPU
		{2D8DBF8F-6506-4E48-BC67-70DF33CB55D4}.Debug|Any CPU.Build.0 = Debug|Any CPU
		{2D8DBF8F-6506-4E48-BC67-70DF33CB55D4}.Release|Any CPU.ActiveCfg = Release|Any CPU
		{2D8DBF8F-6506-4E48-BC67-70DF33CB55D4}.Release|Any CPU.Build.0 = Release|Any CPU
		{E0DCCF30-C575-45AC-BACE-BEC2460BB26A}.Debug|Any CPU.ActiveCfg = Debug|Any CPU
		{E0DCCF30-C575-45AC-BACE-BEC2460BB26A}.Debug|Any CPU.Build.0 = Debug|Any CPU
		{E0DCCF30-C575-45AC-BACE-BEC2460BB26A}.Release|Any CPU.ActiveCfg = Release|Any CPU
		{E0DCCF30-C575-45AC-BACE-BEC2460BB26A}.Release|Any CPU.Build.0 = Release|Any CPU
		{7BF10CD3-2F67-4F70-B4CA-8393FFF3E3E3}.Debug|Any CPU.ActiveCfg = Debug|Any CPU
		{7BF10CD3-2F67-4F70-B4CA-8393FFF3E3E3}.Debug|Any CPU.Build.0 = Debug|Any CPU
		{7BF10CD3-2F67-4F70-B4CA-8393FFF3E3E3}.Release|Any CPU.ActiveCfg = Release|Any CPU
		{7BF10CD3-2F67-4F70-B4CA-8393FFF3E3E3}.Release|Any CPU.Build.0 = Release|Any CPU
		{F6CBB2EB-F0E2-4B2D-B638-F73ED55A5B39}.Debug|Any CPU.ActiveCfg = Debug|Any CPU
		{F6CBB2EB-F0E2-4B2D-B638-F73ED55A5B39}.Debug|Any CPU.Build.0 = Debug|Any CPU
		{F6CBB2EB-F0E2-4B2D-B638-F73ED55A5B39}.Release|Any CPU.ActiveCfg = Release|Any CPU
		{F6CBB2EB-F0E2-4B2D-B638-F73ED55A5B39}.Release|Any CPU.Build.0 = Release|Any CPU
		{56D8F026-5747-404E-A69D-02EE2F41E299}.Debug|Any CPU.ActiveCfg = Debug|Any CPU
		{56D8F026-5747-404E-A69D-02EE2F41E299}.Debug|Any CPU.Build.0 = Debug|Any CPU
		{56D8F026-5747-404E-A69D-02EE2F41E299}.Release|Any CPU.ActiveCfg = Release|Any CPU
		{56D8F026-5747-404E-A69D-02EE2F41E299}.Release|Any CPU.Build.0 = Release|Any CPU
		{F5F71D1B-334B-4A1F-800C-7D4CA36031C2}.Debug|Any CPU.ActiveCfg = Debug|Any CPU
		{F5F71D1B-334B-4A1F-800C-7D4CA36031C2}.Debug|Any CPU.Build.0 = Debug|Any CPU
		{F5F71D1B-334B-4A1F-800C-7D4CA36031C2}.Release|Any CPU.ActiveCfg = Release|Any CPU
		{F5F71D1B-334B-4A1F-800C-7D4CA36031C2}.Release|Any CPU.Build.0 = Release|Any CPU
		{6CA2477B-D567-4659-A11F-714C42B36AB4}.Debug|Any CPU.ActiveCfg = Debug|Any CPU
		{6CA2477B-D567-4659-A11F-714C42B36AB4}.Debug|Any CPU.Build.0 = Debug|Any CPU
		{6CA2477B-D567-4659-A11F-714C42B36AB4}.Release|Any CPU.ActiveCfg = Release|Any CPU
		{6CA2477B-D567-4659-A11F-714C42B36AB4}.Release|Any CPU.Build.0 = Release|Any CPU
		{E8D3CC09-5EE9-48F0-9173-FD3B0FA5C14A}.Debug|Any CPU.ActiveCfg = Debug|Any CPU
		{E8D3CC09-5EE9-48F0-9173-FD3B0FA5C14A}.Debug|Any CPU.Build.0 = Debug|Any CPU
		{E8D3CC09-5EE9-48F0-9173-FD3B0FA5C14A}.Release|Any CPU.ActiveCfg = Release|Any CPU
		{E8D3CC09-5EE9-48F0-9173-FD3B0FA5C14A}.Release|Any CPU.Build.0 = Release|Any CPU
		{9DCC8168-57FA-47BE-9A3E-6F007B8E39BC}.Debug|Any CPU.ActiveCfg = Debug|Any CPU
		{9DCC8168-57FA-47BE-9A3E-6F007B8E39BC}.Debug|Any CPU.Build.0 = Debug|Any CPU
		{9DCC8168-57FA-47BE-9A3E-6F007B8E39BC}.Release|Any CPU.ActiveCfg = Release|Any CPU
		{9DCC8168-57FA-47BE-9A3E-6F007B8E39BC}.Release|Any CPU.Build.0 = Release|Any CPU
		{70528C00-C55F-4B1E-90B6-1F864C1B23AC}.Debug|Any CPU.ActiveCfg = Debug|Any CPU
		{70528C00-C55F-4B1E-90B6-1F864C1B23AC}.Debug|Any CPU.Build.0 = Debug|Any CPU
		{70528C00-C55F-4B1E-90B6-1F864C1B23AC}.Release|Any CPU.ActiveCfg = Release|Any CPU
		{70528C00-C55F-4B1E-90B6-1F864C1B23AC}.Release|Any CPU.Build.0 = Release|Any CPU
	EndGlobalSection
EndGlobal
